// !$*UTF8*$!
{
	archiveVersion = 1;
	classes = {
	};
	objectVersion = 56;
	objects = {

/* Begin PBXBuildFile section */
		C422251A29AA5F1400649908 /* ActionButtons.swift in Sources */ = {isa = PBXBuildFile; fileRef = C422251929AA5F1400649908 /* ActionButtons.swift */; };
		C422251C29AA701E00649908 /* Icons.swift in Sources */ = {isa = PBXBuildFile; fileRef = C422251B29AA701E00649908 /* Icons.swift */; };
		C422251E29AA756000649908 /* CreatorView.swift in Sources */ = {isa = PBXBuildFile; fileRef = C422251D29AA756000649908 /* CreatorView.swift */; };
		C422252029AB7AFD00649908 /* View+EdgeBorder.swift in Sources */ = {isa = PBXBuildFile; fileRef = C422251F29AB7AFD00649908 /* View+EdgeBorder.swift */; };
		C422252329ABDD4200649908 /* TimeSelectorView.swift in Sources */ = {isa = PBXBuildFile; fileRef = C422252229ABDD4200649908 /* TimeSelectorView.swift */; };
		C422252529ABE12000649908 /* RoundsSelectorView.swift in Sources */ = {isa = PBXBuildFile; fileRef = C422252429ABE12000649908 /* RoundsSelectorView.swift */; };
		C46212C529BCB3C3003F380B /* DateFormatter+SecToTime.swift in Sources */ = {isa = PBXBuildFile; fileRef = C46212C429BCB3C3003F380B /* DateFormatter+SecToTime.swift */; };
		C46212C729BCB3FB003F380B /* DateFormatterTest.swift in Sources */ = {isa = PBXBuildFile; fileRef = C46212C629BCB3FB003F380B /* DateFormatterTest.swift */; };
		C46212CC29BCCBB3003F380B /* .swiftlint.yml in Resources */ = {isa = PBXBuildFile; fileRef = C46212CB29BCCBB3003F380B /* .swiftlint.yml */; };
		C46212CF29BCCF52003F380B /* README.md in Resources */ = {isa = PBXBuildFile; fileRef = C46212CE29BCCF52003F380B /* README.md */; };
		C46212D129BCE8A0003F380B /* PreparationView.swift in Sources */ = {isa = PBXBuildFile; fileRef = C46212D029BCE8A0003F380B /* PreparationView.swift */; };
		C4BAAEAB29C254DB001AC41F /* NavigationPath.swift in Sources */ = {isa = PBXBuildFile; fileRef = C4BAAEAA29C254DB001AC41F /* NavigationPath.swift */; };
		C4BAAEAD29C2554A001AC41F /* NavigationPathTests.swift in Sources */ = {isa = PBXBuildFile; fileRef = C4BAAEAC29C2554A001AC41F /* NavigationPathTests.swift */; };
		C4CC9EC629A2971300117D9E /* RunMateApp.swift in Sources */ = {isa = PBXBuildFile; fileRef = C4CC9EC529A2971300117D9E /* RunMateApp.swift */; };
		C4CC9EC829A2971300117D9E /* TimerView.swift in Sources */ = {isa = PBXBuildFile; fileRef = C4CC9EC729A2971300117D9E /* TimerView.swift */; };
		C4CC9ECA29A2971300117D9E /* Assets.xcassets in Resources */ = {isa = PBXBuildFile; fileRef = C4CC9EC929A2971300117D9E /* Assets.xcassets */; };
		C4CC9ECD29A2971300117D9E /* Preview Assets.xcassets in Resources */ = {isa = PBXBuildFile; fileRef = C4CC9ECC29A2971300117D9E /* Preview Assets.xcassets */; };
		C4CC9ED729A2971400117D9E /* RunMateTests.swift in Sources */ = {isa = PBXBuildFile; fileRef = C4CC9ED629A2971400117D9E /* RunMateTests.swift */; };
		C4CC9EE129A2971400117D9E /* RunMateUITests.swift in Sources */ = {isa = PBXBuildFile; fileRef = C4CC9EE029A2971400117D9E /* RunMateUITests.swift */; };
		C4CC9EE329A2971400117D9E /* RunMateUITestsLaunchTests.swift in Sources */ = {isa = PBXBuildFile; fileRef = C4CC9EE229A2971400117D9E /* RunMateUITestsLaunchTests.swift */; };
		C4CC9EF129A2A2D000117D9E /* Text+Attributes.swift in Sources */ = {isa = PBXBuildFile; fileRef = C4CC9EF029A2A2D000117D9E /* Text+Attributes.swift */; };
		C4DB827129B372E2004A16A7 /* TimerDefinition.swift in Sources */ = {isa = PBXBuildFile; fileRef = C4DB827029B372E2004A16A7 /* TimerDefinition.swift */; };
		C4DB827329B3754A004A16A7 /* TimerDefinitionTest.swift in Sources */ = {isa = PBXBuildFile; fileRef = C4DB827229B3754A004A16A7 /* TimerDefinitionTest.swift */; };
		C4DB827729B3AE0E004A16A7 /* sport-start.wav in Resources */ = {isa = PBXBuildFile; fileRef = C4DB827529B3AE0E004A16A7 /* sport-start.wav */; };
		C4DB827829B3AE0E004A16A7 /* beep.wav in Resources */ = {isa = PBXBuildFile; fileRef = C4DB827629B3AE0E004A16A7 /* beep.wav */; };
/* End PBXBuildFile section */

/* Begin PBXContainerItemProxy section */
		C4CC9ED329A2971400117D9E /* PBXContainerItemProxy */ = {
			isa = PBXContainerItemProxy;
			containerPortal = C4CC9EBA29A2971300117D9E /* Project object */;
			proxyType = 1;
			remoteGlobalIDString = C4CC9EC129A2971300117D9E;
			remoteInfo = RunMate;
		};
		C4CC9EDD29A2971400117D9E /* PBXContainerItemProxy */ = {
			isa = PBXContainerItemProxy;
			containerPortal = C4CC9EBA29A2971300117D9E /* Project object */;
			proxyType = 1;
			remoteGlobalIDString = C4CC9EC129A2971300117D9E;
			remoteInfo = RunMate;
		};
/* End PBXContainerItemProxy section */

/* Begin PBXFileReference section */
		C422251929AA5F1400649908 /* ActionButtons.swift */ = {isa = PBXFileReference; lastKnownFileType = sourcecode.swift; path = ActionButtons.swift; sourceTree = "<group>"; };
		C422251B29AA701E00649908 /* Icons.swift */ = {isa = PBXFileReference; lastKnownFileType = sourcecode.swift; path = Icons.swift; sourceTree = "<group>"; };
		C422251D29AA756000649908 /* CreatorView.swift */ = {isa = PBXFileReference; lastKnownFileType = sourcecode.swift; path = CreatorView.swift; sourceTree = "<group>"; };
		C422251F29AB7AFD00649908 /* View+EdgeBorder.swift */ = {isa = PBXFileReference; lastKnownFileType = sourcecode.swift; path = "View+EdgeBorder.swift"; sourceTree = "<group>"; };
		C422252229ABDD4200649908 /* TimeSelectorView.swift */ = {isa = PBXFileReference; lastKnownFileType = sourcecode.swift; path = TimeSelectorView.swift; sourceTree = "<group>"; };
		C422252429ABE12000649908 /* RoundsSelectorView.swift */ = {isa = PBXFileReference; lastKnownFileType = sourcecode.swift; path = RoundsSelectorView.swift; sourceTree = "<group>"; };
		C46212C429BCB3C3003F380B /* DateFormatter+SecToTime.swift */ = {isa = PBXFileReference; lastKnownFileType = sourcecode.swift; path = "DateFormatter+SecToTime.swift"; sourceTree = "<group>"; };
		C46212C629BCB3FB003F380B /* DateFormatterTest.swift */ = {isa = PBXFileReference; lastKnownFileType = sourcecode.swift; path = DateFormatterTest.swift; sourceTree = "<group>"; };
		C46212CB29BCCBB3003F380B /* .swiftlint.yml */ = {isa = PBXFileReference; lastKnownFileType = text.yaml; path = .swiftlint.yml; sourceTree = "<group>"; };
		C46212CE29BCCF52003F380B /* README.md */ = {isa = PBXFileReference; lastKnownFileType = net.daringfireball.markdown; path = README.md; sourceTree = "<group>"; };
		C46212D029BCE8A0003F380B /* PreparationView.swift */ = {isa = PBXFileReference; lastKnownFileType = sourcecode.swift; path = PreparationView.swift; sourceTree = "<group>"; };
		C4BAAEAA29C254DB001AC41F /* NavigationPath.swift */ = {isa = PBXFileReference; lastKnownFileType = sourcecode.swift; path = NavigationPath.swift; sourceTree = "<group>"; };
		C4BAAEAC29C2554A001AC41F /* NavigationPathTests.swift */ = {isa = PBXFileReference; lastKnownFileType = sourcecode.swift; path = NavigationPathTests.swift; sourceTree = "<group>"; };
		C4CC9EC229A2971300117D9E /* RunMate.app */ = {isa = PBXFileReference; explicitFileType = wrapper.application; includeInIndex = 0; path = RunMate.app; sourceTree = BUILT_PRODUCTS_DIR; };
		C4CC9EC529A2971300117D9E /* RunMateApp.swift */ = {isa = PBXFileReference; lastKnownFileType = sourcecode.swift; path = RunMateApp.swift; sourceTree = "<group>"; };
		C4CC9EC729A2971300117D9E /* TimerView.swift */ = {isa = PBXFileReference; lastKnownFileType = sourcecode.swift; path = TimerView.swift; sourceTree = "<group>"; };
		C4CC9EC929A2971300117D9E /* Assets.xcassets */ = {isa = PBXFileReference; lastKnownFileType = folder.assetcatalog; path = Assets.xcassets; sourceTree = "<group>"; };
		C4CC9ECC29A2971300117D9E /* Preview Assets.xcassets */ = {isa = PBXFileReference; lastKnownFileType = folder.assetcatalog; path = "Preview Assets.xcassets"; sourceTree = "<group>"; };
		C4CC9ED229A2971400117D9E /* RunMateTests.xctest */ = {isa = PBXFileReference; explicitFileType = wrapper.cfbundle; includeInIndex = 0; path = RunMateTests.xctest; sourceTree = BUILT_PRODUCTS_DIR; };
		C4CC9ED629A2971400117D9E /* RunMateTests.swift */ = {isa = PBXFileReference; lastKnownFileType = sourcecode.swift; path = RunMateTests.swift; sourceTree = "<group>"; };
		C4CC9EDC29A2971400117D9E /* RunMateUITests.xctest */ = {isa = PBXFileReference; explicitFileType = wrapper.cfbundle; includeInIndex = 0; path = RunMateUITests.xctest; sourceTree = BUILT_PRODUCTS_DIR; };
		C4CC9EE029A2971400117D9E /* RunMateUITests.swift */ = {isa = PBXFileReference; lastKnownFileType = sourcecode.swift; path = RunMateUITests.swift; sourceTree = "<group>"; };
		C4CC9EE229A2971400117D9E /* RunMateUITestsLaunchTests.swift */ = {isa = PBXFileReference; lastKnownFileType = sourcecode.swift; path = RunMateUITestsLaunchTests.swift; sourceTree = "<group>"; };
		C4CC9EF029A2A2D000117D9E /* Text+Attributes.swift */ = {isa = PBXFileReference; lastKnownFileType = sourcecode.swift; path = "Text+Attributes.swift"; sourceTree = "<group>"; };
		C4DB827029B372E2004A16A7 /* TimerDefinition.swift */ = {isa = PBXFileReference; lastKnownFileType = sourcecode.swift; path = TimerDefinition.swift; sourceTree = "<group>"; };
		C4DB827229B3754A004A16A7 /* TimerDefinitionTest.swift */ = {isa = PBXFileReference; lastKnownFileType = sourcecode.swift; path = TimerDefinitionTest.swift; sourceTree = "<group>"; };
		C4DB827529B3AE0E004A16A7 /* sport-start.wav */ = {isa = PBXFileReference; lastKnownFileType = audio.wav; path = "sport-start.wav"; sourceTree = "<group>"; };
		C4DB827629B3AE0E004A16A7 /* beep.wav */ = {isa = PBXFileReference; lastKnownFileType = audio.wav; path = beep.wav; sourceTree = "<group>"; };
/* End PBXFileReference section */

/* Begin PBXFrameworksBuildPhase section */
		C4CC9EBF29A2971300117D9E /* Frameworks */ = {
			isa = PBXFrameworksBuildPhase;
			buildActionMask = 2147483647;
			files = (
			);
			runOnlyForDeploymentPostprocessing = 0;
		};
		C4CC9ECF29A2971400117D9E /* Frameworks */ = {
			isa = PBXFrameworksBuildPhase;
			buildActionMask = 2147483647;
			files = (
			);
			runOnlyForDeploymentPostprocessing = 0;
		};
		C4CC9ED929A2971400117D9E /* Frameworks */ = {
			isa = PBXFrameworksBuildPhase;
			buildActionMask = 2147483647;
			files = (
			);
			runOnlyForDeploymentPostprocessing = 0;
		};
/* End PBXFrameworksBuildPhase section */

/* Begin PBXGroup section */
		C422252129ABDD0600649908 /* Views */ = {
			isa = PBXGroup;
			children = (
				C422251929AA5F1400649908 /* ActionButtons.swift */,
				C422251D29AA756000649908 /* CreatorView.swift */,
				C4CC9EC729A2971300117D9E /* TimerView.swift */,
				C422252229ABDD4200649908 /* TimeSelectorView.swift */,
				C422252429ABE12000649908 /* RoundsSelectorView.swift */,
				C46212D029BCE8A0003F380B /* PreparationView.swift */,
			);
			path = Views;
			sourceTree = "<group>";
		};
		C4CC9EB929A2971300117D9E = {
			isa = PBXGroup;
			children = (
				C4CC9EC429A2971300117D9E /* RunMate */,
				C4CC9ED529A2971400117D9E /* RunMateTests */,
				C4CC9EDF29A2971400117D9E /* RunMateUITests */,
				C46212CE29BCCF52003F380B /* README.md */,
				C46212CB29BCCBB3003F380B /* .swiftlint.yml */,
				C4CC9EC329A2971300117D9E /* Products */,
			);
			sourceTree = "<group>";
		};
		C4CC9EC329A2971300117D9E /* Products */ = {
			isa = PBXGroup;
			children = (
				C4CC9EC229A2971300117D9E /* RunMate.app */,
				C4CC9ED229A2971400117D9E /* RunMateTests.xctest */,
				C4CC9EDC29A2971400117D9E /* RunMateUITests.xctest */,
			);
			name = Products;
			sourceTree = "<group>";
		};
		C4CC9EC429A2971300117D9E /* RunMate */ = {
			isa = PBXGroup;
			children = (
				C4DB827429B3ADF9004A16A7 /* Resources */,
				C422252129ABDD0600649908 /* Views */,
				C4CC9EEF29A2A2BB00117D9E /* Extensions */,
				C4CC9EC529A2971300117D9E /* RunMateApp.swift */,
				C422251B29AA701E00649908 /* Icons.swift */,
				C4DB827029B372E2004A16A7 /* TimerDefinition.swift */,
				C4BAAEAA29C254DB001AC41F /* NavigationPath.swift */,
				C4CC9EC929A2971300117D9E /* Assets.xcassets */,
				C4CC9ECB29A2971300117D9E /* Preview Content */,
			);
			path = RunMate;
			sourceTree = "<group>";
		};
		C4CC9ECB29A2971300117D9E /* Preview Content */ = {
			isa = PBXGroup;
			children = (
				C4CC9ECC29A2971300117D9E /* Preview Assets.xcassets */,
			);
			path = "Preview Content";
			sourceTree = "<group>";
		};
		C4CC9ED529A2971400117D9E /* RunMateTests */ = {
			isa = PBXGroup;
			children = (
				C4CC9ED629A2971400117D9E /* RunMateTests.swift */,
				C4DB827229B3754A004A16A7 /* TimerDefinitionTest.swift */,
				C46212C629BCB3FB003F380B /* DateFormatterTest.swift */,
				C4BAAEAC29C2554A001AC41F /* NavigationPathTests.swift */,
			);
			path = RunMateTests;
			sourceTree = "<group>";
		};
		C4CC9EDF29A2971400117D9E /* RunMateUITests */ = {
			isa = PBXGroup;
			children = (
				C4CC9EE029A2971400117D9E /* RunMateUITests.swift */,
				C4CC9EE229A2971400117D9E /* RunMateUITestsLaunchTests.swift */,
			);
			path = RunMateUITests;
			sourceTree = "<group>";
		};
		C4CC9EEF29A2A2BB00117D9E /* Extensions */ = {
			isa = PBXGroup;
			children = (
				C4CC9EF029A2A2D000117D9E /* Text+Attributes.swift */,
				C422251F29AB7AFD00649908 /* View+EdgeBorder.swift */,
				C46212C429BCB3C3003F380B /* DateFormatter+SecToTime.swift */,
			);
			path = Extensions;
			sourceTree = "<group>";
		};
		C4DB827429B3ADF9004A16A7 /* Resources */ = {
			isa = PBXGroup;
			children = (
				C4DB827629B3AE0E004A16A7 /* beep.wav */,
				C4DB827529B3AE0E004A16A7 /* sport-start.wav */,
			);
			path = Resources;
			sourceTree = "<group>";
		};
/* End PBXGroup section */

/* Begin PBXNativeTarget section */
		C4CC9EC129A2971300117D9E /* RunMate */ = {
			isa = PBXNativeTarget;
			buildConfigurationList = C4CC9EE629A2971400117D9E /* Build configuration list for PBXNativeTarget "RunMate" */;
			buildPhases = (
				C4CC9EBE29A2971300117D9E /* Sources */,
				C4CC9EBF29A2971300117D9E /* Frameworks */,
				C4CC9EC029A2971300117D9E /* Resources */,
				C46212CA29BCC9DB003F380B /* ShellScript */,
			);
			buildRules = (
			);
			dependencies = (
			);
			name = RunMate;
			productName = RunMate;
			productReference = C4CC9EC229A2971300117D9E /* RunMate.app */;
			productType = "com.apple.product-type.application";
		};
		C4CC9ED129A2971400117D9E /* RunMateTests */ = {
			isa = PBXNativeTarget;
			buildConfigurationList = C4CC9EE929A2971400117D9E /* Build configuration list for PBXNativeTarget "RunMateTests" */;
			buildPhases = (
				C4CC9ECE29A2971400117D9E /* Sources */,
				C4CC9ECF29A2971400117D9E /* Frameworks */,
				C4CC9ED029A2971400117D9E /* Resources */,
			);
			buildRules = (
			);
			dependencies = (
				C4CC9ED429A2971400117D9E /* PBXTargetDependency */,
			);
			name = RunMateTests;
			productName = RunMateTests;
			productReference = C4CC9ED229A2971400117D9E /* RunMateTests.xctest */;
			productType = "com.apple.product-type.bundle.unit-test";
		};
		C4CC9EDB29A2971400117D9E /* RunMateUITests */ = {
			isa = PBXNativeTarget;
			buildConfigurationList = C4CC9EEC29A2971400117D9E /* Build configuration list for PBXNativeTarget "RunMateUITests" */;
			buildPhases = (
				C4CC9ED829A2971400117D9E /* Sources */,
				C4CC9ED929A2971400117D9E /* Frameworks */,
				C4CC9EDA29A2971400117D9E /* Resources */,
			);
			buildRules = (
			);
			dependencies = (
				C4CC9EDE29A2971400117D9E /* PBXTargetDependency */,
			);
			name = RunMateUITests;
			productName = RunMateUITests;
			productReference = C4CC9EDC29A2971400117D9E /* RunMateUITests.xctest */;
			productType = "com.apple.product-type.bundle.ui-testing";
		};
/* End PBXNativeTarget section */

/* Begin PBXProject section */
		C4CC9EBA29A2971300117D9E /* Project object */ = {
			isa = PBXProject;
			attributes = {
				BuildIndependentTargetsInParallel = 1;
				LastSwiftUpdateCheck = 1420;
				LastUpgradeCheck = 1420;
				TargetAttributes = {
					C4CC9EC129A2971300117D9E = {
						CreatedOnToolsVersion = 14.2;
					};
					C4CC9ED129A2971400117D9E = {
						CreatedOnToolsVersion = 14.2;
						TestTargetID = C4CC9EC129A2971300117D9E;
					};
					C4CC9EDB29A2971400117D9E = {
						CreatedOnToolsVersion = 14.2;
						TestTargetID = C4CC9EC129A2971300117D9E;
					};
				};
			};
			buildConfigurationList = C4CC9EBD29A2971300117D9E /* Build configuration list for PBXProject "RunMate" */;
			compatibilityVersion = "Xcode 14.0";
			developmentRegion = en;
			hasScannedForEncodings = 0;
			knownRegions = (
				en,
				Base,
			);
			mainGroup = C4CC9EB929A2971300117D9E;
			productRefGroup = C4CC9EC329A2971300117D9E /* Products */;
			projectDirPath = "";
			projectRoot = "";
			targets = (
				C4CC9EC129A2971300117D9E /* RunMate */,
				C4CC9ED129A2971400117D9E /* RunMateTests */,
				C4CC9EDB29A2971400117D9E /* RunMateUITests */,
			);
		};
/* End PBXProject section */

/* Begin PBXResourcesBuildPhase section */
		C4CC9EC029A2971300117D9E /* Resources */ = {
			isa = PBXResourcesBuildPhase;
			buildActionMask = 2147483647;
			files = (
				C46212CF29BCCF52003F380B /* README.md in Resources */,
				C46212CC29BCCBB3003F380B /* .swiftlint.yml in Resources */,
				C4DB827829B3AE0E004A16A7 /* beep.wav in Resources */,
				C4CC9ECD29A2971300117D9E /* Preview Assets.xcassets in Resources */,
				C4CC9ECA29A2971300117D9E /* Assets.xcassets in Resources */,
				C4DB827729B3AE0E004A16A7 /* sport-start.wav in Resources */,
			);
			runOnlyForDeploymentPostprocessing = 0;
		};
		C4CC9ED029A2971400117D9E /* Resources */ = {
			isa = PBXResourcesBuildPhase;
			buildActionMask = 2147483647;
			files = (
			);
			runOnlyForDeploymentPostprocessing = 0;
		};
		C4CC9EDA29A2971400117D9E /* Resources */ = {
			isa = PBXResourcesBuildPhase;
			buildActionMask = 2147483647;
			files = (
			);
			runOnlyForDeploymentPostprocessing = 0;
		};
/* End PBXResourcesBuildPhase section */

/* Begin PBXShellScriptBuildPhase section */
		C46212CA29BCC9DB003F380B /* ShellScript */ = {
			isa = PBXShellScriptBuildPhase;
			buildActionMask = 2147483647;
			files = (
			);
			inputFileListPaths = (
			);
			inputPaths = (
			);
			outputFileListPaths = (
			);
			outputPaths = (
			);
			runOnlyForDeploymentPostprocessing = 0;
			shellPath = /bin/sh;
			shellScript = "export PATH=\"$PATH:/opt/homebrew/bin\"\nif which swiftlint > /dev/null; then\n  swiftlint\nelse\n  echo \"warning: SwiftLint not installed, download from https://github.com/realm/SwiftLint\"\nfi\n";
		};
/* End PBXShellScriptBuildPhase section */

/* Begin PBXSourcesBuildPhase section */
		C4CC9EBE29A2971300117D9E /* Sources */ = {
			isa = PBXSourcesBuildPhase;
			buildActionMask = 2147483647;
			files = (
				C46212D129BCE8A0003F380B /* PreparationView.swift in Sources */,
				C4CC9EC829A2971300117D9E /* TimerView.swift in Sources */,
				C4CC9EC629A2971300117D9E /* RunMateApp.swift in Sources */,
				C4DB827129B372E2004A16A7 /* TimerDefinition.swift in Sources */,
				C4CC9EF129A2A2D000117D9E /* Text+Attributes.swift in Sources */,
				C422251C29AA701E00649908 /* Icons.swift in Sources */,
				C46212C529BCB3C3003F380B /* DateFormatter+SecToTime.swift in Sources */,
				C422252329ABDD4200649908 /* TimeSelectorView.swift in Sources */,
				C422251A29AA5F1400649908 /* ActionButtons.swift in Sources */,
				C4BAAEAB29C254DB001AC41F /* NavigationPath.swift in Sources */,
				C422252029AB7AFD00649908 /* View+EdgeBorder.swift in Sources */,
				C422252529ABE12000649908 /* RoundsSelectorView.swift in Sources */,
				C422251E29AA756000649908 /* CreatorView.swift in Sources */,
			);
			runOnlyForDeploymentPostprocessing = 0;
		};
		C4CC9ECE29A2971400117D9E /* Sources */ = {
			isa = PBXSourcesBuildPhase;
			buildActionMask = 2147483647;
			files = (
				C4BAAEAD29C2554A001AC41F /* NavigationPathTests.swift in Sources */,
				C4DB827329B3754A004A16A7 /* TimerDefinitionTest.swift in Sources */,
				C4CC9ED729A2971400117D9E /* RunMateTests.swift in Sources */,
				C46212C729BCB3FB003F380B /* DateFormatterTest.swift in Sources */,
			);
			runOnlyForDeploymentPostprocessing = 0;
		};
		C4CC9ED829A2971400117D9E /* Sources */ = {
			isa = PBXSourcesBuildPhase;
			buildActionMask = 2147483647;
			files = (
				C4CC9EE129A2971400117D9E /* RunMateUITests.swift in Sources */,
				C4CC9EE329A2971400117D9E /* RunMateUITestsLaunchTests.swift in Sources */,
			);
			runOnlyForDeploymentPostprocessing = 0;
		};
/* End PBXSourcesBuildPhase section */

/* Begin PBXTargetDependency section */
		C4CC9ED429A2971400117D9E /* PBXTargetDependency */ = {
			isa = PBXTargetDependency;
			target = C4CC9EC129A2971300117D9E /* RunMate */;
			targetProxy = C4CC9ED329A2971400117D9E /* PBXContainerItemProxy */;
		};
		C4CC9EDE29A2971400117D9E /* PBXTargetDependency */ = {
			isa = PBXTargetDependency;
			target = C4CC9EC129A2971300117D9E /* RunMate */;
			targetProxy = C4CC9EDD29A2971400117D9E /* PBXContainerItemProxy */;
		};
/* End PBXTargetDependency section */

/* Begin XCBuildConfiguration section */
		C4CC9EE429A2971400117D9E /* Debug */ = {
			isa = XCBuildConfiguration;
			buildSettings = {
				ALWAYS_SEARCH_USER_PATHS = NO;
				CLANG_ANALYZER_NONNULL = YES;
				CLANG_ANALYZER_NUMBER_OBJECT_CONVERSION = YES_AGGRESSIVE;
				CLANG_CXX_LANGUAGE_STANDARD = "gnu++20";
				CLANG_ENABLE_MODULES = YES;
				CLANG_ENABLE_OBJC_ARC = YES;
				CLANG_ENABLE_OBJC_WEAK = YES;
				CLANG_WARN_BLOCK_CAPTURE_AUTORELEASING = YES;
				CLANG_WARN_BOOL_CONVERSION = YES;
				CLANG_WARN_COMMA = YES;
				CLANG_WARN_CONSTANT_CONVERSION = YES;
				CLANG_WARN_DEPRECATED_OBJC_IMPLEMENTATIONS = YES;
				CLANG_WARN_DIRECT_OBJC_ISA_USAGE = YES_ERROR;
				CLANG_WARN_DOCUMENTATION_COMMENTS = YES;
				CLANG_WARN_EMPTY_BODY = YES;
				CLANG_WARN_ENUM_CONVERSION = YES;
				CLANG_WARN_INFINITE_RECURSION = YES;
				CLANG_WARN_INT_CONVERSION = YES;
				CLANG_WARN_NON_LITERAL_NULL_CONVERSION = YES;
				CLANG_WARN_OBJC_IMPLICIT_RETAIN_SELF = YES;
				CLANG_WARN_OBJC_LITERAL_CONVERSION = YES;
				CLANG_WARN_OBJC_ROOT_CLASS = YES_ERROR;
				CLANG_WARN_QUOTED_INCLUDE_IN_FRAMEWORK_HEADER = YES;
				CLANG_WARN_RANGE_LOOP_ANALYSIS = YES;
				CLANG_WARN_STRICT_PROTOTYPES = YES;
				CLANG_WARN_SUSPICIOUS_MOVE = YES;
				CLANG_WARN_UNGUARDED_AVAILABILITY = YES_AGGRESSIVE;
				CLANG_WARN_UNREACHABLE_CODE = YES;
				CLANG_WARN__DUPLICATE_METHOD_MATCH = YES;
				COPY_PHASE_STRIP = NO;
				DEBUG_INFORMATION_FORMAT = dwarf;
				ENABLE_STRICT_OBJC_MSGSEND = YES;
				ENABLE_TESTABILITY = YES;
				GCC_C_LANGUAGE_STANDARD = gnu11;
				GCC_DYNAMIC_NO_PIC = NO;
				GCC_NO_COMMON_BLOCKS = YES;
				GCC_OPTIMIZATION_LEVEL = 0;
				GCC_PREPROCESSOR_DEFINITIONS = (
					"DEBUG=1",
					"$(inherited)",
				);
				GCC_WARN_64_TO_32_BIT_CONVERSION = YES;
				GCC_WARN_ABOUT_RETURN_TYPE = YES_ERROR;
				GCC_WARN_UNDECLARED_SELECTOR = YES;
				GCC_WARN_UNINITIALIZED_AUTOS = YES_AGGRESSIVE;
				GCC_WARN_UNUSED_FUNCTION = YES;
				GCC_WARN_UNUSED_VARIABLE = YES;
				IPHONEOS_DEPLOYMENT_TARGET = 16.2;
				MTL_ENABLE_DEBUG_INFO = INCLUDE_SOURCE;
				MTL_FAST_MATH = YES;
				ONLY_ACTIVE_ARCH = YES;
				SDKROOT = iphoneos;
				SWIFT_ACTIVE_COMPILATION_CONDITIONS = DEBUG;
				SWIFT_OPTIMIZATION_LEVEL = "-Onone";
			};
			name = Debug;
		};
		C4CC9EE529A2971400117D9E /* Release */ = {
			isa = XCBuildConfiguration;
			buildSettings = {
				ALWAYS_SEARCH_USER_PATHS = NO;
				CLANG_ANALYZER_NONNULL = YES;
				CLANG_ANALYZER_NUMBER_OBJECT_CONVERSION = YES_AGGRESSIVE;
				CLANG_CXX_LANGUAGE_STANDARD = "gnu++20";
				CLANG_ENABLE_MODULES = YES;
				CLANG_ENABLE_OBJC_ARC = YES;
				CLANG_ENABLE_OBJC_WEAK = YES;
				CLANG_WARN_BLOCK_CAPTURE_AUTORELEASING = YES;
				CLANG_WARN_BOOL_CONVERSION = YES;
				CLANG_WARN_COMMA = YES;
				CLANG_WARN_CONSTANT_CONVERSION = YES;
				CLANG_WARN_DEPRECATED_OBJC_IMPLEMENTATIONS = YES;
				CLANG_WARN_DIRECT_OBJC_ISA_USAGE = YES_ERROR;
				CLANG_WARN_DOCUMENTATION_COMMENTS = YES;
				CLANG_WARN_EMPTY_BODY = YES;
				CLANG_WARN_ENUM_CONVERSION = YES;
				CLANG_WARN_INFINITE_RECURSION = YES;
				CLANG_WARN_INT_CONVERSION = YES;
				CLANG_WARN_NON_LITERAL_NULL_CONVERSION = YES;
				CLANG_WARN_OBJC_IMPLICIT_RETAIN_SELF = YES;
				CLANG_WARN_OBJC_LITERAL_CONVERSION = YES;
				CLANG_WARN_OBJC_ROOT_CLASS = YES_ERROR;
				CLANG_WARN_QUOTED_INCLUDE_IN_FRAMEWORK_HEADER = YES;
				CLANG_WARN_RANGE_LOOP_ANALYSIS = YES;
				CLANG_WARN_STRICT_PROTOTYPES = YES;
				CLANG_WARN_SUSPICIOUS_MOVE = YES;
				CLANG_WARN_UNGUARDED_AVAILABILITY = YES_AGGRESSIVE;
				CLANG_WARN_UNREACHABLE_CODE = YES;
				CLANG_WARN__DUPLICATE_METHOD_MATCH = YES;
				COPY_PHASE_STRIP = NO;
				DEBUG_INFORMATION_FORMAT = "dwarf-with-dsym";
				ENABLE_NS_ASSERTIONS = NO;
				ENABLE_STRICT_OBJC_MSGSEND = YES;
				GCC_C_LANGUAGE_STANDARD = gnu11;
				GCC_NO_COMMON_BLOCKS = YES;
				GCC_WARN_64_TO_32_BIT_CONVERSION = YES;
				GCC_WARN_ABOUT_RETURN_TYPE = YES_ERROR;
				GCC_WARN_UNDECLARED_SELECTOR = YES;
				GCC_WARN_UNINITIALIZED_AUTOS = YES_AGGRESSIVE;
				GCC_WARN_UNUSED_FUNCTION = YES;
				GCC_WARN_UNUSED_VARIABLE = YES;
				IPHONEOS_DEPLOYMENT_TARGET = 16.2;
				MTL_ENABLE_DEBUG_INFO = NO;
				MTL_FAST_MATH = YES;
				SDKROOT = iphoneos;
				SWIFT_COMPILATION_MODE = wholemodule;
				SWIFT_OPTIMIZATION_LEVEL = "-O";
				VALIDATE_PRODUCT = YES;
			};
			name = Release;
		};
		C4CC9EE729A2971400117D9E /* Debug */ = {
			isa = XCBuildConfiguration;
			buildSettings = {
				ASSETCATALOG_COMPILER_APPICON_NAME = AppIcon;
				ASSETCATALOG_COMPILER_GLOBAL_ACCENT_COLOR_NAME = AccentColor;
				CODE_SIGN_STYLE = Automatic;
				CURRENT_PROJECT_VERSION = 1;
				DEVELOPMENT_ASSET_PATHS = "\"RunMate/Preview Content\"";
				DEVELOPMENT_TEAM = Q29WG5YMU3;
				ENABLE_PREVIEWS = YES;
				GENERATE_INFOPLIST_FILE = YES;
				INFOPLIST_KEY_CFBundleDisplayName = RunMate;
				INFOPLIST_KEY_LSApplicationCategoryType = "public.app-category.healthcare-fitness";
				INFOPLIST_KEY_UIApplicationSceneManifest_Generation = YES;
				INFOPLIST_KEY_UIApplicationSupportsIndirectInputEvents = YES;
				INFOPLIST_KEY_UILaunchScreen_Generation = YES;
				INFOPLIST_KEY_UISupportedInterfaceOrientations_iPad = "UIInterfaceOrientationPortrait UIInterfaceOrientationPortraitUpsideDown UIInterfaceOrientationLandscapeLeft UIInterfaceOrientationLandscapeRight";
				INFOPLIST_KEY_UISupportedInterfaceOrientations_iPhone = "UIInterfaceOrientationPortrait UIInterfaceOrientationLandscapeLeft UIInterfaceOrientationLandscapeRight";
				LD_RUNPATH_SEARCH_PATHS = (
					"$(inherited)",
					"@executable_path/Frameworks",
				);
				MARKETING_VERSION = 1.0;
				PRODUCT_BUNDLE_IDENTIFIER = de.wbg.jotte.RunMate;
				PRODUCT_NAME = "$(TARGET_NAME)";
				SWIFT_EMIT_LOC_STRINGS = YES;
				SWIFT_VERSION = 5.0;
				TARGETED_DEVICE_FAMILY = "1,2";
			};
			name = Debug;
		};
		C4CC9EE829A2971400117D9E /* Release */ = {
			isa = XCBuildConfiguration;
			buildSettings = {
				ASSETCATALOG_COMPILER_APPICON_NAME = AppIcon;
				ASSETCATALOG_COMPILER_GLOBAL_ACCENT_COLOR_NAME = AccentColor;
				CODE_SIGN_STYLE = Automatic;
				CURRENT_PROJECT_VERSION = 1;
				DEVELOPMENT_ASSET_PATHS = "\"RunMate/Preview Content\"";
				DEVELOPMENT_TEAM = Q29WG5YMU3;
				ENABLE_PREVIEWS = YES;
				GENERATE_INFOPLIST_FILE = YES;
				INFOPLIST_KEY_CFBundleDisplayName = RunMate;
				INFOPLIST_KEY_LSApplicationCategoryType = "public.app-category.healthcare-fitness";
				INFOPLIST_KEY_UIApplicationSceneManifest_Generation = YES;
				INFOPLIST_KEY_UIApplicationSupportsIndirectInputEvents = YES;
				INFOPLIST_KEY_UILaunchScreen_Generation = YES;
				INFOPLIST_KEY_UISupportedInterfaceOrientations_iPad = "UIInterfaceOrientationPortrait UIInterfaceOrientationPortraitUpsideDown UIInterfaceOrientationLandscapeLeft UIInterfaceOrientationLandscapeRight";
				INFOPLIST_KEY_UISupportedInterfaceOrientations_iPhone = "UIInterfaceOrientationPortrait UIInterfaceOrientationLandscapeLeft UIInterfaceOrientationLandscapeRight";
				LD_RUNPATH_SEARCH_PATHS = (
					"$(inherited)",
					"@executable_path/Frameworks",
				);
				MARKETING_VERSION = 1.0;
				PRODUCT_BUNDLE_IDENTIFIER = de.wbg.jotte.RunMate;
				PRODUCT_NAME = "$(TARGET_NAME)";
				SWIFT_EMIT_LOC_STRINGS = YES;
				SWIFT_VERSION = 5.0;
				TARGETED_DEVICE_FAMILY = "1,2";
			};
			name = Release;
		};
		C4CC9EEA29A2971400117D9E /* Debug */ = {
			isa = XCBuildConfiguration;
			buildSettings = {
				ALWAYS_EMBED_SWIFT_STANDARD_LIBRARIES = YES;
				BUNDLE_LOADER = "$(TEST_HOST)";
				CODE_SIGN_STYLE = Automatic;
				CURRENT_PROJECT_VERSION = 1;
				DEVELOPMENT_TEAM = Q29WG5YMU3;
				GENERATE_INFOPLIST_FILE = YES;
				IPHONEOS_DEPLOYMENT_TARGET = 16.2;
				MARKETING_VERSION = 1.0;
				PRODUCT_BUNDLE_IDENTIFIER = de.wbg.jotte.RunMateTests;
				PRODUCT_NAME = "$(TARGET_NAME)";
				SWIFT_EMIT_LOC_STRINGS = NO;
				SWIFT_VERSION = 5.0;
				TARGETED_DEVICE_FAMILY = "1,2";
				TEST_HOST = "$(BUILT_PRODUCTS_DIR)/RunMate.app/$(BUNDLE_EXECUTABLE_FOLDER_PATH)/RunMate";
			};
			name = Debug;
		};
		C4CC9EEB29A2971400117D9E /* Release */ = {
			isa = XCBuildConfiguration;
			buildSettings = {
				ALWAYS_EMBED_SWIFT_STANDARD_LIBRARIES = YES;
				BUNDLE_LOADER = "$(TEST_HOST)";
				CODE_SIGN_STYLE = Automatic;
				CURRENT_PROJECT_VERSION = 1;
				DEVELOPMENT_TEAM = Q29WG5YMU3;
				GENERATE_INFOPLIST_FILE = YES;
				IPHONEOS_DEPLOYMENT_TARGET = 16.2;
				MARKETING_VERSION = 1.0;
				PRODUCT_BUNDLE_IDENTIFIER = de.wbg.jotte.RunMateTests;
				PRODUCT_NAME = "$(TARGET_NAME)";
				SWIFT_EMIT_LOC_STRINGS = NO;
				SWIFT_VERSION = 5.0;
				TARGETED_DEVICE_FAMILY = "1,2";
				TEST_HOST = "$(BUILT_PRODUCTS_DIR)/RunMate.app/$(BUNDLE_EXECUTABLE_FOLDER_PATH)/RunMate";
			};
			name = Release;
		};
		C4CC9EED29A2971400117D9E /* Debug */ = {
			isa = XCBuildConfiguration;
			buildSettings = {
				ALWAYS_EMBED_SWIFT_STANDARD_LIBRARIES = YES;
				CODE_SIGN_STYLE = Automatic;
				CURRENT_PROJECT_VERSION = 1;
				DEVELOPMENT_TEAM = Q29WG5YMU3;
				GENERATE_INFOPLIST_FILE = YES;
				MARKETING_VERSION = 1.0;
				PRODUCT_BUNDLE_IDENTIFIER = de.wbg.jotte.RunMateUITests;
				PRODUCT_NAME = "$(TARGET_NAME)";
				SWIFT_EMIT_LOC_STRINGS = NO;
				SWIFT_VERSION = 5.0;
				TARGETED_DEVICE_FAMILY = "1,2";
				TEST_TARGET_NAME = RunMate;
			};
			name = Debug;
		};
		C4CC9EEE29A2971400117D9E /* Release */ = {
			isa = XCBuildConfiguration;
			buildSettings = {
				ALWAYS_EMBED_SWIFT_STANDARD_LIBRARIES = YES;
				CODE_SIGN_STYLE = Automatic;
				CURRENT_PROJECT_VERSION = 1;
				DEVELOPMENT_TEAM = Q29WG5YMU3;
				GENERATE_INFOPLIST_FILE = YES;
				MARKETING_VERSION = 1.0;
				PRODUCT_BUNDLE_IDENTIFIER = de.wbg.jotte.RunMateUITests;
				PRODUCT_NAME = "$(TARGET_NAME)";
				SWIFT_EMIT_LOC_STRINGS = NO;
				SWIFT_VERSION = 5.0;
				TARGETED_DEVICE_FAMILY = "1,2";
				TEST_TARGET_NAME = RunMate;
			};
			name = Release;
		};
/* End XCBuildConfiguration section */

/* Begin XCConfigurationList section */
		C4CC9EBD29A2971300117D9E /* Build configuration list for PBXProject "RunMate" */ = {
			isa = XCConfigurationList;
			buildConfigurations = (
				C4CC9EE429A2971400117D9E /* Debug */,
				C4CC9EE529A2971400117D9E /* Release */,
			);
			defaultConfigurationIsVisible = 0;
			defaultConfigurationName = Release;
		};
		C4CC9EE629A2971400117D9E /* Build configuration list for PBXNativeTarget "RunMate" */ = {
			isa = XCConfigurationList;
			buildConfigurations = (
				C4CC9EE729A2971400117D9E /* Debug */,
				C4CC9EE829A2971400117D9E /* Release */,
			);
			defaultConfigurationIsVisible = 0;
			defaultConfigurationName = Release;
		};
		C4CC9EE929A2971400117D9E /* Build configuration list for PBXNativeTarget "RunMateTests" */ = {
			isa = XCConfigurationList;
			buildConfigurations = (
				C4CC9EEA29A2971400117D9E /* Debug */,
				C4CC9EEB29A2971400117D9E /* Release */,
			);
			defaultConfigurationIsVisible = 0;
			defaultConfigurationName = Release;
		};
		C4CC9EEC29A2971400117D9E /* Build configuration list for PBXNativeTarget "RunMateUITests" */ = {
			isa = XCConfigurationList;
			buildConfigurations = (
				C4CC9EED29A2971400117D9E /* Debug */,
				C4CC9EEE29A2971400117D9E /* Release */,
			);
			defaultConfigurationIsVisible = 0;
			defaultConfigurationName = Release;
		};
/* End XCConfigurationList section */
	};
	rootObject = C4CC9EBA29A2971300117D9E /* Project object */;
}
